
Microsoft Visual Studio Solution File, Format Version 12.00
# Visual Studio Version 17
VisualStudioVersion = 17.6.33815.320
MinimumVisualStudioVersion = 10.0.40219.1
Project("{FAE04EC0-301F-11D3-BF4B-00C04F79EFBC}") = "Finman", "Finman\Finman.csproj", "{4F5D2899-7AB6-47D0-8D27-FBB3A2334634}"
EndProject
Global
	GlobalSection(SolutionConfigurationPlatforms) = preSolution
		Debug|Any CPU = Debug|Any CPU
		Release|Any CPU = Release|Any CPU
	EndGlobalSection
	GlobalSection(ProjectConfigurationPlatforms) = postSolution
		{4F5D2899-7AB6-47D0-8D27-FBB3A2334634}.Debug|Any CPU.ActiveCfg = Debug|Any CPU
		{4F5D2899-7AB6-47D0-8D27-FBB3A2334634}.Debug|Any CPU.Build.0 = Debug|Any CPU
		{4F5D2899-7AB6-47D0-8D27-FBB3A2334634}.Release|Any CPU.ActiveCfg = Release|Any CPU
		{4F5D2899-7AB6-47D0-8D27-FBB3A2334634}.Release|Any CPU.Build.0 = Release|Any CPU
	EndGlobalSection
	GlobalSection(SolutionProperties) = preSolution
		HideSolutionNode = FALSE
	EndGlobalSection
	GlobalSection(ExtensibilityGlobals) = postSolution
		SolutionGuid = {B07B94C7-3542-4C46-BBE3-F11966EAE1F9}
	EndGlobalSection
EndGlobal
